// !$*UTF8*$!
{
	archiveVersion = 1;
	classes = {
	};
	objectVersion = 50;
	objects = {

/* Begin PBXBuildFile section */
		8A04C9B325F5186200209260 /* RootViewController.swift in Sources */ = {isa = PBXBuildFile; fileRef = 8A04C9B225F5186200209260 /* RootViewController.swift */; };
		8A122B7025ECB37600DE67AB /* CustomTableViewCell.swift in Sources */ = {isa = PBXBuildFile; fileRef = 8A122B6E25ECB37600DE67AB /* CustomTableViewCell.swift */; };
		8A122B7125ECB37600DE67AB /* CustomTableViewCell.xib in Resources */ = {isa = PBXBuildFile; fileRef = 8A122B6F25ECB37600DE67AB /* CustomTableViewCell.xib */; };
		8AA74AAA25E39E200092F1CB /* AppDelegate.swift in Sources */ = {isa = PBXBuildFile; fileRef = 8AA74AA925E39E200092F1CB /* AppDelegate.swift */; };
		8AA74AAC25E39E200092F1CB /* SceneDelegate.swift in Sources */ = {isa = PBXBuildFile; fileRef = 8AA74AAB25E39E200092F1CB /* SceneDelegate.swift */; };
		8AA74AAE25E39E200092F1CB /* ViewController.swift in Sources */ = {isa = PBXBuildFile; fileRef = 8AA74AAD25E39E200092F1CB /* ViewController.swift */; };
		8AA74AB125E39E200092F1CB /* Main.storyboard in Resources */ = {isa = PBXBuildFile; fileRef = 8AA74AAF25E39E200092F1CB /* Main.storyboard */; };
		8AA74AB325E39E220092F1CB /* Assets.xcassets in Resources */ = {isa = PBXBuildFile; fileRef = 8AA74AB225E39E220092F1CB /* Assets.xcassets */; };
		8AA74AB625E39E220092F1CB /* LaunchScreen.storyboard in Resources */ = {isa = PBXBuildFile; fileRef = 8AA74AB425E39E220092F1CB /* LaunchScreen.storyboard */; };
		8ACAA8FB25E635C8003C65C2 /* MainViewController.swift in Sources */ = {isa = PBXBuildFile; fileRef = 8ACAA8FA25E635C8003C65C2 /* MainViewController.swift */; };
		8ACAA8FE25E635EF003C65C2 /* AboutRadioViewController.swift in Sources */ = {isa = PBXBuildFile; fileRef = 8ACAA8FD25E635EF003C65C2 /* AboutRadioViewController.swift */; };
		8ACAA90125E63625003C65C2 /* AddRadioViewController.swift in Sources */ = {isa = PBXBuildFile; fileRef = 8ACAA90025E63625003C65C2 /* AddRadioViewController.swift */; };
		8ACAA90425E63634003C65C2 /* AddUserViewController.swift in Sources */ = {isa = PBXBuildFile; fileRef = 8ACAA90325E63634003C65C2 /* AddUserViewController.swift */; };
		8ACAA90725E636A1003C65C2 /* RadioClass.swift in Sources */ = {isa = PBXBuildFile; fileRef = 8ACAA90625E636A1003C65C2 /* RadioClass.swift */; };
/* End PBXBuildFile section */

/* Begin PBXFileReference section */
		8A04C9B225F5186200209260 /* RootViewController.swift */ = {isa = PBXFileReference; lastKnownFileType = sourcecode.swift; path = RootViewController.swift; sourceTree = "<group>"; };
		8A122B6E25ECB37600DE67AB /* CustomTableViewCell.swift */ = {isa = PBXFileReference; lastKnownFileType = sourcecode.swift; path = CustomTableViewCell.swift; sourceTree = "<group>"; };
		8A122B6F25ECB37600DE67AB /* CustomTableViewCell.xib */ = {isa = PBXFileReference; lastKnownFileType = file.xib; path = CustomTableViewCell.xib; sourceTree = "<group>"; };
		8AA74AA625E39E200092F1CB /* Radio convinience mailer.app */ = {isa = PBXFileReference; explicitFileType = wrapper.application; includeInIndex = 0; path = "Radio convinience mailer.app"; sourceTree = BUILT_PRODUCTS_DIR; };
		8AA74AA925E39E200092F1CB /* AppDelegate.swift */ = {isa = PBXFileReference; lastKnownFileType = sourcecode.swift; path = AppDelegate.swift; sourceTree = "<group>"; };
		8AA74AAB25E39E200092F1CB /* SceneDelegate.swift */ = {isa = PBXFileReference; lastKnownFileType = sourcecode.swift; path = SceneDelegate.swift; sourceTree = "<group>"; };
		8AA74AAD25E39E200092F1CB /* ViewController.swift */ = {isa = PBXFileReference; lastKnownFileType = sourcecode.swift; path = ViewController.swift; sourceTree = "<group>"; };
		8AA74AB025E39E200092F1CB /* Base */ = {isa = PBXFileReference; lastKnownFileType = file.storyboard; name = Base; path = Base.lproj/Main.storyboard; sourceTree = "<group>"; };
		8AA74AB225E39E220092F1CB /* Assets.xcassets */ = {isa = PBXFileReference; lastKnownFileType = folder.assetcatalog; path = Assets.xcassets; sourceTree = "<group>"; };
		8AA74AB525E39E220092F1CB /* Base */ = {isa = PBXFileReference; lastKnownFileType = file.storyboard; name = Base; path = Base.lproj/LaunchScreen.storyboard; sourceTree = "<group>"; };
		8AA74AB725E39E220092F1CB /* Info.plist */ = {isa = PBXFileReference; lastKnownFileType = text.plist.xml; path = Info.plist; sourceTree = "<group>"; };
		8ACAA8FA25E635C8003C65C2 /* MainViewController.swift */ = {isa = PBXFileReference; lastKnownFileType = sourcecode.swift; path = MainViewController.swift; sourceTree = "<group>"; };
		8ACAA8FD25E635EF003C65C2 /* AboutRadioViewController.swift */ = {isa = PBXFileReference; lastKnownFileType = sourcecode.swift; path = AboutRadioViewController.swift; sourceTree = "<group>"; };
		8ACAA90025E63625003C65C2 /* AddRadioViewController.swift */ = {isa = PBXFileReference; lastKnownFileType = sourcecode.swift; path = AddRadioViewController.swift; sourceTree = "<group>"; };
		8ACAA90325E63634003C65C2 /* AddUserViewController.swift */ = {isa = PBXFileReference; lastKnownFileType = sourcecode.swift; path = AddUserViewController.swift; sourceTree = "<group>"; };
		8ACAA90625E636A1003C65C2 /* RadioClass.swift */ = {isa = PBXFileReference; lastKnownFileType = sourcecode.swift; path = RadioClass.swift; sourceTree = "<group>"; };
		8AF55F2B25F35E05007664C1 /* LA1MakkanAoyagiDistribution.mobileprovision */ = {isa = PBXFileReference; lastKnownFileType = file; path = LA1MakkanAoyagiDistribution.mobileprovision; sourceTree = "<group>"; };
/* End PBXFileReference section */

/* Begin PBXFrameworksBuildPhase section */
		8AA74AA325E39E200092F1CB /* Frameworks */ = {
			isa = PBXFrameworksBuildPhase;
			buildActionMask = 2147483647;
			files = (
			);
			runOnlyForDeploymentPostprocessing = 0;
		};
/* End PBXFrameworksBuildPhase section */

/* Begin PBXGroup section */
		8AA74A9D25E39E200092F1CB = {
			isa = PBXGroup;
			children = (
				8AA74AA825E39E200092F1CB /* Radio convinience mailer */,
				8AA74AA725E39E200092F1CB /* Products */,
			);
			sourceTree = "<group>";
		};
		8AA74AA725E39E200092F1CB /* Products */ = {
			isa = PBXGroup;
			children = (
				8AA74AA625E39E200092F1CB /* Radio convinience mailer.app */,
			);
			name = Products;
			sourceTree = "<group>";
		};
		8AA74AA825E39E200092F1CB /* Radio convinience mailer */ = {
			isa = PBXGroup;
			children = (
				8AF55F2B25F35E05007664C1 /* LA1MakkanAoyagiDistribution.mobileprovision */,
				8AA74AA925E39E200092F1CB /* AppDelegate.swift */,
				8AA74AAB25E39E200092F1CB /* SceneDelegate.swift */,
				8AA74AAD25E39E200092F1CB /* ViewController.swift */,
				8AA74AAF25E39E200092F1CB /* Main.storyboard */,
				8AA74AB225E39E220092F1CB /* Assets.xcassets */,
				8AA74AB425E39E220092F1CB /* LaunchScreen.storyboard */,
				8AA74AB725E39E220092F1CB /* Info.plist */,
				8ACAA8FA25E635C8003C65C2 /* MainViewController.swift */,
				8ACAA8FD25E635EF003C65C2 /* AboutRadioViewController.swift */,
				8ACAA90025E63625003C65C2 /* AddRadioViewController.swift */,
				8ACAA90325E63634003C65C2 /* AddUserViewController.swift */,
				8ACAA90625E636A1003C65C2 /* RadioClass.swift */,
				8A122B6E25ECB37600DE67AB /* CustomTableViewCell.swift */,
				8A122B6F25ECB37600DE67AB /* CustomTableViewCell.xib */,
				8A04C9B225F5186200209260 /* RootViewController.swift */,
			);
			path = "Radio convinience mailer";
			sourceTree = "<group>";
		};
/* End PBXGroup section */

/* Begin PBXNativeTarget section */
		8AA74AA525E39E200092F1CB /* Radio convinience mailer */ = {
			isa = PBXNativeTarget;
			buildConfigurationList = 8AA74ABA25E39E220092F1CB /* Build configuration list for PBXNativeTarget "Radio convinience mailer" */;
			buildPhases = (
				8AA74AA225E39E200092F1CB /* Sources */,
				8AA74AA325E39E200092F1CB /* Frameworks */,
				8AA74AA425E39E200092F1CB /* Resources */,
			);
			buildRules = (
			);
			dependencies = (
			);
			name = "Radio convinience mailer";
			productName = "Radio convinience mailer";
			productReference = 8AA74AA625E39E200092F1CB /* Radio convinience mailer.app */;
			productType = "com.apple.product-type.application";
		};
/* End PBXNativeTarget section */

/* Begin PBXProject section */
		8AA74A9E25E39E200092F1CB /* Project object */ = {
			isa = PBXProject;
			attributes = {
				LastSwiftUpdateCheck = 1240;
				LastUpgradeCheck = 1240;
				TargetAttributes = {
					8AA74AA525E39E200092F1CB = {
						CreatedOnToolsVersion = 12.4;
					};
				};
			};
			buildConfigurationList = 8AA74AA125E39E200092F1CB /* Build configuration list for PBXProject "Radio convinience mailer" */;
			compatibilityVersion = "Xcode 9.3";
			developmentRegion = en;
			hasScannedForEncodings = 0;
			knownRegions = (
				en,
				Base,
			);
			mainGroup = 8AA74A9D25E39E200092F1CB;
			productRefGroup = 8AA74AA725E39E200092F1CB /* Products */;
			projectDirPath = "";
			projectRoot = "";
			targets = (
				8AA74AA525E39E200092F1CB /* Radio convinience mailer */,
			);
		};
/* End PBXProject section */

/* Begin PBXResourcesBuildPhase section */
		8AA74AA425E39E200092F1CB /* Resources */ = {
			isa = PBXResourcesBuildPhase;
			buildActionMask = 2147483647;
			files = (
				8AA74AB625E39E220092F1CB /* LaunchScreen.storyboard in Resources */,
				8AA74AB325E39E220092F1CB /* Assets.xcassets in Resources */,
				8A122B7125ECB37600DE67AB /* CustomTableViewCell.xib in Resources */,
				8AA74AB125E39E200092F1CB /* Main.storyboard in Resources */,
			);
			runOnlyForDeploymentPostprocessing = 0;
		};
/* End PBXResourcesBuildPhase section */

/* Begin PBXSourcesBuildPhase section */
		8AA74AA225E39E200092F1CB /* Sources */ = {
			isa = PBXSourcesBuildPhase;
			buildActionMask = 2147483647;
			files = (
				8A04C9B325F5186200209260 /* RootViewController.swift in Sources */,
				8ACAA90725E636A1003C65C2 /* RadioClass.swift in Sources */,
				8AA74AAE25E39E200092F1CB /* ViewController.swift in Sources */,
				8ACAA8FE25E635EF003C65C2 /* AboutRadioViewController.swift in Sources */,
				8AA74AAA25E39E200092F1CB /* AppDelegate.swift in Sources */,
				8AA74AAC25E39E200092F1CB /* SceneDelegate.swift in Sources */,
				8A122B7025ECB37600DE67AB /* CustomTableViewCell.swift in Sources */,
				8ACAA90425E63634003C65C2 /* AddUserViewController.swift in Sources */,
				8ACAA90125E63625003C65C2 /* AddRadioViewController.swift in Sources */,
				8ACAA8FB25E635C8003C65C2 /* MainViewController.swift in Sources */,
			);
			runOnlyForDeploymentPostprocessing = 0;
		};
/* End PBXSourcesBuildPhase section */

/* Begin PBXVariantGroup section */
		8AA74AAF25E39E200092F1CB /* Main.storyboard */ = {
			isa = PBXVariantGroup;
			children = (
				8AA74AB025E39E200092F1CB /* Base */,
			);
			name = Main.storyboard;
			sourceTree = "<group>";
		};
		8AA74AB425E39E220092F1CB /* LaunchScreen.storyboard */ = {
			isa = PBXVariantGroup;
			children = (
				8AA74AB525E39E220092F1CB /* Base */,
			);
			name = LaunchScreen.storyboard;
			sourceTree = "<group>";
		};
/* End PBXVariantGroup section */

/* Begin XCBuildConfiguration section */
		8AA74AB825E39E220092F1CB /* Debug */ = {
			isa = XCBuildConfiguration;
			buildSettings = {
				ALWAYS_SEARCH_USER_PATHS = NO;
				CLANG_ANALYZER_NONNULL = YES;
				CLANG_ANALYZER_NUMBER_OBJECT_CONVERSION = YES_AGGRESSIVE;
				CLANG_CXX_LANGUAGE_STANDARD = "gnu++14";
				CLANG_CXX_LIBRARY = "libc++";
				CLANG_ENABLE_MODULES = YES;
				CLANG_ENABLE_OBJC_ARC = YES;
				CLANG_ENABLE_OBJC_WEAK = YES;
				CLANG_WARN_BLOCK_CAPTURE_AUTORELEASING = YES;
				CLANG_WARN_BOOL_CONVERSION = YES;
				CLANG_WARN_COMMA = YES;
				CLANG_WARN_CONSTANT_CONVERSION = YES;
				CLANG_WARN_DEPRECATED_OBJC_IMPLEMENTATIONS = YES;
				CLANG_WARN_DIRECT_OBJC_ISA_USAGE = YES_ERROR;
				CLANG_WARN_DOCUMENTATION_COMMENTS = YES;
				CLANG_WARN_EMPTY_BODY = YES;
				CLANG_WARN_ENUM_CONVERSION = YES;
				CLANG_WARN_INFINITE_RECURSION = YES;
				CLANG_WARN_INT_CONVERSION = YES;
				CLANG_WARN_NON_LITERAL_NULL_CONVERSION = YES;
				CLANG_WARN_OBJC_IMPLICIT_RETAIN_SELF = YES;
				CLANG_WARN_OBJC_LITERAL_CONVERSION = YES;
				CLANG_WARN_OBJC_ROOT_CLASS = YES_ERROR;
				CLANG_WARN_QUOTED_INCLUDE_IN_FRAMEWORK_HEADER = YES;
				CLANG_WARN_RANGE_LOOP_ANALYSIS = YES;
				CLANG_WARN_STRICT_PROTOTYPES = YES;
				CLANG_WARN_SUSPICIOUS_MOVE = YES;
				CLANG_WARN_UNGUARDED_AVAILABILITY = YES_AGGRESSIVE;
				CLANG_WARN_UNREACHABLE_CODE = YES;
				CLANG_WARN__DUPLICATE_METHOD_MATCH = YES;
				COPY_PHASE_STRIP = NO;
				DEBUG_INFORMATION_FORMAT = dwarf;
				ENABLE_STRICT_OBJC_MSGSEND = YES;
				ENABLE_TESTABILITY = YES;
				GCC_C_LANGUAGE_STANDARD = gnu11;
				GCC_DYNAMIC_NO_PIC = NO;
				GCC_NO_COMMON_BLOCKS = YES;
				GCC_OPTIMIZATION_LEVEL = 0;
				GCC_PREPROCESSOR_DEFINITIONS = (
					"DEBUG=1",
					"$(inherited)",
				);
				GCC_WARN_64_TO_32_BIT_CONVERSION = YES;
				GCC_WARN_ABOUT_RETURN_TYPE = YES_ERROR;
				GCC_WARN_UNDECLARED_SELECTOR = YES;
				GCC_WARN_UNINITIALIZED_AUTOS = YES_AGGRESSIVE;
				GCC_WARN_UNUSED_FUNCTION = YES;
				GCC_WARN_UNUSED_VARIABLE = YES;
				IPHONEOS_DEPLOYMENT_TARGET = 14.4;
				MTL_ENABLE_DEBUG_INFO = INCLUDE_SOURCE;
				MTL_FAST_MATH = YES;
				ONLY_ACTIVE_ARCH = YES;
				SDKROOT = iphoneos;
				SWIFT_ACTIVE_COMPILATION_CONDITIONS = DEBUG;
				SWIFT_OPTIMIZATION_LEVEL = "-Onone";
				VALIDATE_PRODUCT = YES;
			};
			name = Debug;
		};
		8AA74AB925E39E220092F1CB /* Release */ = {
			isa = XCBuildConfiguration;
			buildSettings = {
				ALWAYS_SEARCH_USER_PATHS = NO;
				CLANG_ANALYZER_NONNULL = YES;
				CLANG_ANALYZER_NUMBER_OBJECT_CONVERSION = YES_AGGRESSIVE;
				CLANG_CXX_LANGUAGE_STANDARD = "gnu++14";
				CLANG_CXX_LIBRARY = "libc++";
				CLANG_ENABLE_MODULES = YES;
				CLANG_ENABLE_OBJC_ARC = YES;
				CLANG_ENABLE_OBJC_WEAK = YES;
				CLANG_WARN_BLOCK_CAPTURE_AUTORELEASING = YES;
				CLANG_WARN_BOOL_CONVERSION = YES;
				CLANG_WARN_COMMA = YES;
				CLANG_WARN_CONSTANT_CONVERSION = YES;
				CLANG_WARN_DEPRECATED_OBJC_IMPLEMENTATIONS = YES;
				CLANG_WARN_DIRECT_OBJC_ISA_USAGE = YES_ERROR;
				CLANG_WARN_DOCUMENTATION_COMMENTS = YES;
				CLANG_WARN_EMPTY_BODY = YES;
				CLANG_WARN_ENUM_CONVERSION = YES;
				CLANG_WARN_INFINITE_RECURSION = YES;
				CLANG_WARN_INT_CONVERSION = YES;
				CLANG_WARN_NON_LITERAL_NULL_CONVERSION = YES;
				CLANG_WARN_OBJC_IMPLICIT_RETAIN_SELF = YES;
				CLANG_WARN_OBJC_LITERAL_CONVERSION = YES;
				CLANG_WARN_OBJC_ROOT_CLASS = YES_ERROR;
				CLANG_WARN_QUOTED_INCLUDE_IN_FRAMEWORK_HEADER = YES;
				CLANG_WARN_RANGE_LOOP_ANALYSIS = YES;
				CLANG_WARN_STRICT_PROTOTYPES = YES;
				CLANG_WARN_SUSPICIOUS_MOVE = YES;
				CLANG_WARN_UNGUARDED_AVAILABILITY = YES_AGGRESSIVE;
				CLANG_WARN_UNREACHABLE_CODE = YES;
				CLANG_WARN__DUPLICATE_METHOD_MATCH = YES;
				COPY_PHASE_STRIP = NO;
				DEBUG_INFORMATION_FORMAT = "dwarf-with-dsym";
				ENABLE_NS_ASSERTIONS = NO;
				ENABLE_STRICT_OBJC_MSGSEND = YES;
				ENABLE_TESTABILITY = YES;
				GCC_C_LANGUAGE_STANDARD = gnu11;
				GCC_NO_COMMON_BLOCKS = YES;
				GCC_WARN_64_TO_32_BIT_CONVERSION = YES;
				GCC_WARN_ABOUT_RETURN_TYPE = YES_ERROR;
				GCC_WARN_UNDECLARED_SELECTOR = YES;
				GCC_WARN_UNINITIALIZED_AUTOS = YES_AGGRESSIVE;
				GCC_WARN_UNUSED_FUNCTION = YES;
				GCC_WARN_UNUSED_VARIABLE = YES;
				IPHONEOS_DEPLOYMENT_TARGET = 14.4;
				MTL_ENABLE_DEBUG_INFO = NO;
				MTL_FAST_MATH = YES;
				SDKROOT = iphoneos;
				SWIFT_COMPILATION_MODE = wholemodule;
				SWIFT_OPTIMIZATION_LEVEL = "-O";
				VALIDATE_PRODUCT = YES;
			};
			name = Release;
		};
		8AA74ABB25E39E220092F1CB /* Debug */ = {
			isa = XCBuildConfiguration;
			buildSettings = {
				ASSETCATALOG_COMPILER_APPICON_NAME = AppIcon;
				ASSETCATALOG_COMPILER_GLOBAL_ACCENT_COLOR_NAME = AccentColor;
				CODE_SIGN_IDENTITY = "iPhone Distribution";
				CODE_SIGN_STYLE = Manual;
				DEVELOPMENT_TEAM = 2K446D59RQ;
				INFOPLIST_FILE = "Radio convinience mailer/Info.plist";
				LD_RUNPATH_SEARCH_PATHS = (
					"$(inherited)",
					"@executable_path/Frameworks",
				);
				MARKETING_VERSION = 1.0.2;
				PRODUCT_BUNDLE_IDENTIFIER = "jp.co.lifeistech.Radio-convinience-mailer";
				PRODUCT_NAME = "$(TARGET_NAME)";
				PROVISIONING_PROFILE_SPECIFIER = "LA1-MakkanAoyagi-Distribution";
				SWIFT_VERSION = 5.0;
				TARGETED_DEVICE_FAMILY = "1,2";
			};
			name = Debug;
		};
		8AA74ABC25E39E220092F1CB /* Release */ = {
			isa = XCBuildConfiguration;
			buildSettings = {
				ASSETCATALOG_COMPILER_APPICON_NAME = AppIcon;
				ASSETCATALOG_COMPILER_GLOBAL_ACCENT_COLOR_NAME = AccentColor;
				CODE_SIGN_IDENTITY = "iPhone Distribution";
				CODE_SIGN_STYLE = Manual;
				DEVELOPMENT_TEAM = 2K446D59RQ;
				INFOPLIST_FILE = "Radio convinience mailer/Info.plist";
				LD_RUNPATH_SEARCH_PATHS = (
					"$(inherited)",
					"@executable_path/Frameworks",
				);
				MARKETING_VERSION = 1.0.2;
				PRODUCT_BUNDLE_IDENTIFIER = "jp.co.lifeistech.Radio-convinience-mailer";
				PRODUCT_NAME = "$(TARGET_NAME)";
				PROVISIONING_PROFILE_SPECIFIER = "LA1-MakkanAoyagi-Distribution";
				SWIFT_VERSION = 5.0;
				TARGETED_DEVICE_FAMILY = "1,2";
			};
			name = Release;
		};
/* End XCBuildConfiguration section */

/* Begin XCConfigurationList section */
		8AA74AA125E39E200092F1CB /* Build configuration list for PBXProject "Radio convinience mailer" */ = {
			isa = XCConfigurationList;
			buildConfigurations = (
				8AA74AB825E39E220092F1CB /* Debug */,
				8AA74AB925E39E220092F1CB /* Release */,
			);
			defaultConfigurationIsVisible = 0;
			defaultConfigurationName = Release;
		};
		8AA74ABA25E39E220092F1CB /* Build configuration list for PBXNativeTarget "Radio convinience mailer" */ = {
			isa = XCConfigurationList;
			buildConfigurations = (
				8AA74ABB25E39E220092F1CB /* Debug */,
				8AA74ABC25E39E220092F1CB /* Release */,
			);
			defaultConfigurationIsVisible = 0;
			defaultConfigurationName = Release;
		};
/* End XCConfigurationList section */
	};
	rootObject = 8AA74A9E25E39E200092F1CB /* Project object */;
}
